
Microsoft Visual Studio Solution File, Format Version 11.00
# Visual Studio 2010
Project("{FAE04EC0-301F-11D3-BF4B-00C04F79EFBC}") = "Grandma_VR", "Assembly-CSharp.csproj", "{17E1688D-CED1-EA3C-F413-97E18E56D85E}"
EndProject
Project("{FAE04EC0-301F-11D3-BF4B-00C04F79EFBC}") = "Grandma_VR", "Assembly-CSharp-Editor.csproj", "{08B7F81E-8D13-BDB8-F179-F20103AF59E1}"
EndProject
Global
	GlobalSection(SolutionConfigurationPlatforms) = preSolution
		Debug|Any CPU = Debug|Any CPU
		Release|Any CPU = Release|Any CPU
	EndGlobalSection
	GlobalSection(ProjectConfigurationPlatforms) = postSolution
		{17E1688D-CED1-EA3C-F413-97E18E56D85E}.Debug|Any CPU.ActiveCfg = Debug|Any CPU
		{17E1688D-CED1-EA3C-F413-97E18E56D85E}.Debug|Any CPU.Build.0 = Debug|Any CPU
		{17E1688D-CED1-EA3C-F413-97E18E56D85E}.Release|Any CPU.ActiveCfg = Release|Any CPU
		{17E1688D-CED1-EA3C-F413-97E18E56D85E}.Release|Any CPU.Build.0 = Release|Any CPU
		{08B7F81E-8D13-BDB8-F179-F20103AF59E1}.Debug|Any CPU.ActiveCfg = Debug|Any CPU
		{08B7F81E-8D13-BDB8-F179-F20103AF59E1}.Debug|Any CPU.Build.0 = Debug|Any CPU
		{08B7F81E-8D13-BDB8-F179-F20103AF59E1}.Release|Any CPU.ActiveCfg = Release|Any CPU
		{08B7F81E-8D13-BDB8-F179-F20103AF59E1}.Release|Any CPU.Build.0 = Release|Any CPU
	EndGlobalSection
	GlobalSection(SolutionProperties) = preSolution
		HideSolutionNode = FALSE
	EndGlobalSection
	GlobalSection(MonoDevelopProperties) = preSolution
		StartupItem = Assembly-CSharp.csproj
	EndGlobalSection
EndGlobal
